
Microsoft Visual Studio Solution File, Format Version 12.00
# Visual Studio Version 16
VisualStudioVersion = 16.0.30114.105
MinimumVisualStudioVersion = 10.0.40219.1
Project("{2150E333-8FDC-42A3-9474-1A3956D46DE8}") = "src", "src", "{CCDA36BD-DB62-4209-A1C1-7E2FDC3A9D35}"
EndProject
Project("{2150E333-8FDC-42A3-9474-1A3956D46DE8}") = "core", "core", "{D7D71E9F-17AA-478E-A571-6DDC2339A9BF}"
EndProject
Project("{2150E333-8FDC-42A3-9474-1A3956D46DE8}") = "infrastructure", "infrastructure", "{D211E127-F749-49BF-AB74-42987DA8A2EC}"
EndProject
Project("{2150E333-8FDC-42A3-9474-1A3956D46DE8}") = "presentation", "presentation", "{601C81C4-FBDD-442A-A411-5C159B6F65F1}"
EndProject
Project("{FAE04EC0-301F-11D3-BF4B-00C04F79EFBC}") = "Travel.Domain", "src\core\Travel.Domain\Travel.Domain.csproj", "{628551AF-79AE-4FB0-B6D8-525F4988355B}"
EndProject
Project("{FAE04EC0-301F-11D3-BF4B-00C04F79EFBC}") = "Travel.Application", "src\core\Travel.Application\Travel.Application.csproj", "{A78F5778-AA1D-48C9-A2CF-5AC1448B7B3B}"
EndProject
Project("{FAE04EC0-301F-11D3-BF4B-00C04F79EFBC}") = "Travel.Shared", "src\infrastructure\Travel.Shared\Travel.Shared.csproj", "{5E277718-95EA-49CE-89C2-BC048FE2323C}"
EndProject
Project("{FAE04EC0-301F-11D3-BF4B-00C04F79EFBC}") = "Travel.Data", "src\infrastructure\Travel.Data\Travel.Data.csproj", "{D4E8B3C5-A87F-419E-92CA-CD9AA9FD66D8}"
EndProject
Project("{FAE04EC0-301F-11D3-BF4B-00C04F79EFBC}") = "Travel.WebApi", "src\presentation\Travel.WebApi\Travel.WebApi.csproj", "{08C2D4CD-CE36-4D82-8247-5280EC0EC338}"
EndProject
Global
	GlobalSection(SolutionConfigurationPlatforms) = preSolution
		Debug|Any CPU = Debug|Any CPU
		Debug|x64 = Debug|x64
		Debug|x86 = Debug|x86
		Release|Any CPU = Release|Any CPU
		Release|x64 = Release|x64
		Release|x86 = Release|x86
	EndGlobalSection
	GlobalSection(SolutionProperties) = preSolution
		HideSolutionNode = FALSE
	EndGlobalSection
	GlobalSection(ProjectConfigurationPlatforms) = postSolution
		{628551AF-79AE-4FB0-B6D8-525F4988355B}.Debug|Any CPU.ActiveCfg = Debug|Any CPU
		{628551AF-79AE-4FB0-B6D8-525F4988355B}.Debug|Any CPU.Build.0 = Debug|Any CPU
		{628551AF-79AE-4FB0-B6D8-525F4988355B}.Debug|x64.ActiveCfg = Debug|Any CPU
		{628551AF-79AE-4FB0-B6D8-525F4988355B}.Debug|x64.Build.0 = Debug|Any CPU
		{628551AF-79AE-4FB0-B6D8-525F4988355B}.Debug|x86.ActiveCfg = Debug|Any CPU
		{628551AF-79AE-4FB0-B6D8-525F4988355B}.Debug|x86.Build.0 = Debug|Any CPU
		{628551AF-79AE-4FB0-B6D8-525F4988355B}.Release|Any CPU.ActiveCfg = Release|Any CPU
		{628551AF-79AE-4FB0-B6D8-525F4988355B}.Release|Any CPU.Build.0 = Release|Any CPU
		{628551AF-79AE-4FB0-B6D8-525F4988355B}.Release|x64.ActiveCfg = Release|Any CPU
		{628551AF-79AE-4FB0-B6D8-525F4988355B}.Release|x64.Build.0 = Release|Any CPU
		{628551AF-79AE-4FB0-B6D8-525F4988355B}.Release|x86.ActiveCfg = Release|Any CPU
		{628551AF-79AE-4FB0-B6D8-525F4988355B}.Release|x86.Build.0 = Release|Any CPU
		{A78F5778-AA1D-48C9-A2CF-5AC1448B7B3B}.Debug|Any CPU.ActiveCfg = Debug|Any CPU
		{A78F5778-AA1D-48C9-A2CF-5AC1448B7B3B}.Debug|Any CPU.Build.0 = Debug|Any CPU
		{A78F5778-AA1D-48C9-A2CF-5AC1448B7B3B}.Debug|x64.ActiveCfg = Debug|Any CPU
		{A78F5778-AA1D-48C9-A2CF-5AC1448B7B3B}.Debug|x64.Build.0 = Debug|Any CPU
		{A78F5778-AA1D-48C9-A2CF-5AC1448B7B3B}.Debug|x86.ActiveCfg = Debug|Any CPU
		{A78F5778-AA1D-48C9-A2CF-5AC1448B7B3B}.Debug|x86.Build.0 = Debug|Any CPU
		{A78F5778-AA1D-48C9-A2CF-5AC1448B7B3B}.Release|Any CPU.ActiveCfg = Release|Any CPU
		{A78F5778-AA1D-48C9-A2CF-5AC1448B7B3B}.Release|Any CPU.Build.0 = Release|Any CPU
		{A78F5778-AA1D-48C9-A2CF-5AC1448B7B3B}.Release|x64.ActiveCfg = Release|Any CPU
		{A78F5778-AA1D-48C9-A2CF-5AC1448B7B3B}.Release|x64.Build.0 = Release|Any CPU
		{A78F5778-AA1D-48C9-A2CF-5AC1448B7B3B}.Release|x86.ActiveCfg = Release|Any CPU
		{A78F5778-AA1D-48C9-A2CF-5AC1448B7B3B}.Release|x86.Build.0 = Release|Any CPU
		{5E277718-95EA-49CE-89C2-BC048FE2323C}.Debug|Any CPU.ActiveCfg = Debug|Any CPU
		{5E277718-95EA-49CE-89C2-BC048FE2323C}.Debug|Any CPU.Build.0 = Debug|Any CPU
		{5E277718-95EA-49CE-89C2-BC048FE2323C}.Debug|x64.ActiveCfg = Debug|Any CPU
		{5E277718-95EA-49CE-89C2-BC048FE2323C}.Debug|x64.Build.0 = Debug|Any CPU
		{5E277718-95EA-49CE-89C2-BC048FE2323C}.Debug|x86.ActiveCfg = Debug|Any CPU
		{5E277718-95EA-49CE-89C2-BC048FE2323C}.Debug|x86.Build.0 = Debug|Any CPU
		{5E277718-95EA-49CE-89C2-BC048FE2323C}.Release|Any CPU.ActiveCfg = Release|Any CPU
		{5E277718-95EA-49CE-89C2-BC048FE2323C}.Release|Any CPU.Build.0 = Release|Any CPU
		{5E277718-95EA-49CE-89C2-BC048FE2323C}.Release|x64.ActiveCfg = Release|Any CPU
		{5E277718-95EA-49CE-89C2-BC048FE2323C}.Release|x64.Build.0 = Release|Any CPU
		{5E277718-95EA-49CE-89C2-BC048FE2323C}.Release|x86.ActiveCfg = Release|Any CPU
		{5E277718-95EA-49CE-89C2-BC048FE2323C}.Release|x86.Build.0 = Release|Any CPU
		{D4E8B3C5-A87F-419E-92CA-CD9AA9FD66D8}.Debug|Any CPU.ActiveCfg = Debug|Any CPU
		{D4E8B3C5-A87F-419E-92CA-CD9AA9FD66D8}.Debug|Any CPU.Build.0 = Debug|Any CPU
		{D4E8B3C5-A87F-419E-92CA-CD9AA9FD66D8}.Debug|x64.ActiveCfg = Debug|Any CPU
		{D4E8B3C5-A87F-419E-92CA-CD9AA9FD66D8}.Debug|x64.Build.0 = Debug|Any CPU
		{D4E8B3C5-A87F-419E-92CA-CD9AA9FD66D8}.Debug|x86.ActiveCfg = Debug|Any CPU
		{D4E8B3C5-A87F-419E-92CA-CD9AA9FD66D8}.Debug|x86.Build.0 = Debug|Any CPU
		{D4E8B3C5-A87F-419E-92CA-CD9AA9FD66D8}.Release|Any CPU.ActiveCfg = Release|Any CPU
		{D4E8B3C5-A87F-419E-92CA-CD9AA9FD66D8}.Release|Any CPU.Build.0 = Release|Any CPU
		{D4E8B3C5-A87F-419E-92CA-CD9AA9FD66D8}.Release|x64.ActiveCfg = Release|Any CPU
		{D4E8B3C5-A87F-419E-92CA-CD9AA9FD66D8}.Release|x64.Build.0 = Release|Any CPU
		{D4E8B3C5-A87F-419E-92CA-CD9AA9FD66D8}.Release|x86.ActiveCfg = Release|Any CPU
		{D4E8B3C5-A87F-419E-92CA-CD9AA9FD66D8}.Release|x86.Build.0 = Release|Any CPU
		{08C2D4CD-CE36-4D82-8247-5280EC0EC338}.Debug|Any CPU.ActiveCfg = Debug|Any CPU
		{08C2D4CD-CE36-4D82-8247-5280EC0EC338}.Debug|Any CPU.Build.0 = Debug|Any CPU
		{08C2D4CD-CE36-4D82-8247-5280EC0EC338}.Debug|x64.ActiveCfg = Debug|Any CPU
		{08C2D4CD-CE36-4D82-8247-5280EC0EC338}.Debug|x64.Build.0 = Debug|Any CPU
		{08C2D4CD-CE36-4D82-8247-5280EC0EC338}.Debug|x86.ActiveCfg = Debug|Any CPU
		{08C2D4CD-CE36-4D82-8247-5280EC0EC338}.Debug|x86.Build.0 = Debug|Any CPU
		{08C2D4CD-CE36-4D82-8247-5280EC0EC338}.Release|Any CPU.ActiveCfg = Release|Any CPU
		{08C2D4CD-CE36-4D82-8247-5280EC0EC338}.Release|Any CPU.Build.0 = Release|Any CPU
		{08C2D4CD-CE36-4D82-8247-5280EC0EC338}.Release|x64.ActiveCfg = Release|Any CPU
		{08C2D4CD-CE36-4D82-8247-5280EC0EC338}.Release|x64.Build.0 = Release|Any CPU
		{08C2D4CD-CE36-4D82-8247-5280EC0EC338}.Release|x86.ActiveCfg = Release|Any CPU
		{08C2D4CD-CE36-4D82-8247-5280EC0EC338}.Release|x86.Build.0 = Release|Any CPU
	EndGlobalSection
	GlobalSection(NestedProjects) = preSolution
		{D7D71E9F-17AA-478E-A571-6DDC2339A9BF} = {CCDA36BD-DB62-4209-A1C1-7E2FDC3A9D35}
		{D211E127-F749-49BF-AB74-42987DA8A2EC} = {CCDA36BD-DB62-4209-A1C1-7E2FDC3A9D35}
		{601C81C4-FBDD-442A-A411-5C159B6F65F1} = {CCDA36BD-DB62-4209-A1C1-7E2FDC3A9D35}
		{628551AF-79AE-4FB0-B6D8-525F4988355B} = {D7D71E9F-17AA-478E-A571-6DDC2339A9BF}
		{A78F5778-AA1D-48C9-A2CF-5AC1448B7B3B} = {D7D71E9F-17AA-478E-A571-6DDC2339A9BF}
		{5E277718-95EA-49CE-89C2-BC048FE2323C} = {D211E127-F749-49BF-AB74-42987DA8A2EC}
		{D4E8B3C5-A87F-419E-92CA-CD9AA9FD66D8} = {D211E127-F749-49BF-AB74-42987DA8A2EC}
		{08C2D4CD-CE36-4D82-8247-5280EC0EC338} = {601C81C4-FBDD-442A-A411-5C159B6F65F1}
	EndGlobalSection
EndGlobal
